
Microsoft Visual Studio Solution File, Format Version 12.00
# Visual Studio Version 16
VisualStudioVersion = 16.0.29806.167
MinimumVisualStudioVersion = 10.0.40219.1
Project("{FAE04EC0-301F-11D3-BF4B-00C04F79EFBC}") = "LibrarieClase", "..\LibrarieClase\LibrarieClase.csproj", "{E8C11308-E615-4E16-9985-DFE8A80D555E}"
EndProject
Project("{FAE04EC0-301F-11D3-BF4B-00C04F79EFBC}") = "NivelAccesDate", "..\NivelAccesDate\NivelAccesDate.csproj", "{A30A3946-A7AD-4B09-A532-DB7982A4A5D7}"
EndProject
Project("{FAE04EC0-301F-11D3-BF4B-00C04F79EFBC}") = "FarmacieForm", "..\Farmacie-Form\FarmacieForm.csproj", "{AC4F379B-041F-496B-98AA-DC7D9CC971B0}"
EndProject
Global
	GlobalSection(SolutionConfigurationPlatforms) = preSolution
		Debug|Any CPU = Debug|Any CPU
		Release|Any CPU = Release|Any CPU
	EndGlobalSection
	GlobalSection(ProjectConfigurationPlatforms) = postSolution
		{E8C11308-E615-4E16-9985-DFE8A80D555E}.Debug|Any CPU.ActiveCfg = Debug|Any CPU
		{E8C11308-E615-4E16-9985-DFE8A80D555E}.Debug|Any CPU.Build.0 = Debug|Any CPU
		{E8C11308-E615-4E16-9985-DFE8A80D555E}.Release|Any CPU.ActiveCfg = Release|Any CPU
		{E8C11308-E615-4E16-9985-DFE8A80D555E}.Release|Any CPU.Build.0 = Release|Any CPU
		{A30A3946-A7AD-4B09-A532-DB7982A4A5D7}.Debug|Any CPU.ActiveCfg = Debug|Any CPU
		{A30A3946-A7AD-4B09-A532-DB7982A4A5D7}.Debug|Any CPU.Build.0 = Debug|Any CPU
		{A30A3946-A7AD-4B09-A532-DB7982A4A5D7}.Release|Any CPU.ActiveCfg = Release|Any CPU
		{A30A3946-A7AD-4B09-A532-DB7982A4A5D7}.Release|Any CPU.Build.0 = Release|Any CPU
		{AC4F379B-041F-496B-98AA-DC7D9CC971B0}.Debug|Any CPU.ActiveCfg = Debug|Any CPU
		{AC4F379B-041F-496B-98AA-DC7D9CC971B0}.Debug|Any CPU.Build.0 = Debug|Any CPU
		{AC4F379B-041F-496B-98AA-DC7D9CC971B0}.Release|Any CPU.ActiveCfg = Release|Any CPU
		{AC4F379B-041F-496B-98AA-DC7D9CC971B0}.Release|Any CPU.Build.0 = Release|Any CPU
	EndGlobalSection
	GlobalSection(SolutionProperties) = preSolution
		HideSolutionNode = FALSE
	EndGlobalSection
	GlobalSection(ExtensibilityGlobals) = postSolution
		SolutionGuid = {FEBE3A6D-DDB0-4D2D-AA96-BD1613461721}
	EndGlobalSection
EndGlobal
